Microsoft Visual Studio Solution File, Format Version 11.00
# Visual Studio 2008

Project("{8D0411B3-38C8-3CD8-CD8A-D9D9DB127101}") = "trunk", "Assembly-CSharp.csproj", "{C9C5ACED-AF37-B251-9AC8-2374AADD4A08}"
EndProject
Project("{8D0411B3-38C8-3CD8-CD8A-D9D9DB127101}") = "trunk", "Assembly-CSharp-Editor.csproj", "{40CB0B0E-CC78-1750-9836-1F2D679B85F4}"
EndProject
Global
	GlobalSection(SolutionConfigurationPlatforms) = preSolution
		Debug|Any CPU = Debug|Any CPU
		Release|Any CPU = Release|Any CPU
	EndGlobalSection
	GlobalSection(ProjectConfigurationPlatforms) = postSolution
		{C9C5ACED-AF37-B251-9AC8-2374AADD4A08}.Debug|Any CPU.ActiveCfg = Debug|Any CPU
		{C9C5ACED-AF37-B251-9AC8-2374AADD4A08}.Debug|Any CPU.Build.0 = Debug|Any CPU
		{C9C5ACED-AF37-B251-9AC8-2374AADD4A08}.Release|Any CPU.ActiveCfg = Release|Any CPU
		{C9C5ACED-AF37-B251-9AC8-2374AADD4A08}.Release|Any CPU.Build.0 = Release|Any CPU
		{40CB0B0E-CC78-1750-9836-1F2D679B85F4}.Debug|Any CPU.ActiveCfg = Debug|Any CPU
		{40CB0B0E-CC78-1750-9836-1F2D679B85F4}.Debug|Any CPU.Build.0 = Debug|Any CPU
		{40CB0B0E-CC78-1750-9836-1F2D679B85F4}.Release|Any CPU.ActiveCfg = Release|Any CPU
		{40CB0B0E-CC78-1750-9836-1F2D679B85F4}.Release|Any CPU.Build.0 = Release|Any CPU
	EndGlobalSection
	GlobalSection(SolutionProperties) = preSolution
		HideSolutionNode = FALSE
	EndGlobalSection
	GlobalSection(MonoDevelopProperties) = preSolution
		StartupItem = Assembly-CSharp.csproj
	EndGlobalSection
EndGlobal
